
Microsoft Visual Studio Solution File, Format Version 12.00
# Visual Studio 15
VisualStudioVersion = 15.0.28307.2017
MinimumVisualStudioVersion = 10.0.40219.1
Project("{FAE04EC0-301F-11D3-BF4B-00C04F79EFBC}") = "Practial6WebServices", "Practial6WebServices\Practial6WebServices.csproj", "{F19B08C5-E834-4DC5-BFE4-C0CC8B10A429}"
EndProject
Global
	GlobalSection(SolutionConfigurationPlatforms) = preSolution
		Debug|Any CPU = Debug|Any CPU
		Release|Any CPU = Release|Any CPU
	EndGlobalSection
	GlobalSection(ProjectConfigurationPlatforms) = postSolution
		{F19B08C5-E834-4DC5-BFE4-C0CC8B10A429}.Debug|Any CPU.ActiveCfg = Debug|Any CPU
		{F19B08C5-E834-4DC5-BFE4-C0CC8B10A429}.Debug|Any CPU.Build.0 = Debug|Any CPU
		{F19B08C5-E834-4DC5-BFE4-C0CC8B10A429}.Release|Any CPU.ActiveCfg = Release|Any CPU
		{F19B08C5-E834-4DC5-BFE4-C0CC8B10A429}.Release|Any CPU.Build.0 = Release|Any CPU
	EndGlobalSection
	GlobalSection(SolutionProperties) = preSolution
		HideSolutionNode = FALSE
	EndGlobalSection
	GlobalSection(ExtensibilityGlobals) = postSolution
		SolutionGuid = {A460A0C6-01CB-4603-8208-205FE6BB3853}
	EndGlobalSection
EndGlobal
